# This file is autogenerated, do not edit; changes may be undone by the next 'dep ensure'.


[[projects]]
  branch = "master"
  digest = "1:ef4eaf0b9b15b3f5e5afaf6a52303c39d46a9c3b6d13d0d81e4b785002606692"
  name = "code.cloudfoundry.org/gofileutils"
  packages = ["fileutils"]
  pruneopts = "UT"
  revision = "4d0c80011a0f37da1711c184028bc40137cd45af"

[[projects]]
  digest = "1:55388fd080150b9a072912f97b1f5891eb0b50df43401f8b75fb4273d3fec9fc"
  name = "github.com/Masterminds/semver"
  packages = ["."]
  pruneopts = "UT"
  revision = "c7af12943936e8c39859482e61f0574c2fd7fc75"
  version = "v1.4.2"

[[projects]]
  branch = "master"
  digest = "1:a965e93173d9b30de4cc01c4a2aaaaa0478ece976f56dabb6e662800abf21011"
  name = "github.com/cloudfoundry-community/go-cfclient"
  packages = ["."]
  pruneopts = "UT"
  revision = "f136f9222381e2fea5099f62e4b751dcb660ff82"

[[projects]]
  digest = "1:318f1c959a8a740366fce4b1e1eb2fd914036b4af58fbd0a003349b305f118ad"
  name = "github.com/golang/protobuf"
  packages = ["proto"]
  pruneopts = "UT"
  revision = "c823c79ea1570fb5ff454033735a8e68575d1d0f"
  version = "v1.3.0"

[[projects]]
  branch = "master"
  digest = "1:be40f095cd741773905744f16c1f7a21fd9226ccd0529f019deb7da6d667f71c"
  name = "github.com/logrusorgru/aurora"
  packages = ["."]
  pruneopts = "UT"
  revision = "a7b3b318ed4e1ae5b80602b08627267303c68572"

[[projects]]
  digest = "1:cf31692c14422fa27c83a05292eb5cbe0fb2775972e8f1f8446a71549bd8980b"
  name = "github.com/pkg/errors"
  packages = ["."]
  pruneopts = "UT"
  revision = "ba968bfe8b2f7e042a574c888954fccecfa385b4"
  version = "v0.8.1"

[[projects]]
  digest = "1:b24d38b282bacf9791408a080f606370efa3d364e4b5fd9ba0f7b87786d3b679"
  name = "github.com/urfave/cli"
  packages = ["."]
  pruneopts = "UT"
  revision = "cfb38830724cc34fedffe9a2a29fb54fa9169cd1"
  version = "v1.20.0"

[[projects]]
  branch = "master"
  digest = "1:f8b491a7c25030a895a0e579742d07136e6958e77ef2d46e769db8eec4e58fcd"
  name = "golang.org/x/net"
  packages = [
    "context",
    "context/ctxhttp"
  ]
  pruneopts = "UT"
  revision = "16b79f2e4e95ea23b2bf9903c9809ff7b013ce85"

[[projects]]
  branch = "master"
  digest = "1:13e1dd706312f7b3ae1ed16a9e251e7b56240a9e09db24de6a4f24bf57968676"
  name = "golang.org/x/oauth2"
  packages = [
    ".",
    "clientcredentials",
    "internal"
  ]
  pruneopts = "UT"
  revision = "e64efc72b421e893cbf63f17ba2221e7d6d0b0f3"

[[projects]]
  digest = "1:6f3bd49ddf2e104e52062774d797714371fac1b8bddfd8e124ce78e6b2264a10"
  name = "google.golang.org/appengine"
  packages = [
    "internal",
    "internal/base",
    "internal/datastore",
    "internal/log",
    "internal/remote_api",
    "internal/urlfetch",
    "urlfetch"
  ]
  pruneopts = "UT"
  revision = "e9657d882bb81064595ca3b56cbe2546bbabf7b1"
  version = "v1.4.0"

[[projects]]
  branch = "v2"
  digest = "1:4d2e5a73dc1500038e504a8d78b986630e3626dc027bc030ba5c75da257cdb96"
  name = "gopkg.in/yaml.v2"
  packages = ["."]
  pruneopts = "UT"
  revision = "51d6538a90f86fe93ac480b35f37b2be17fef232"

[solve-meta]
  analyzer-name = "dep"
  analyzer-version = 1
  input-imports = [
    "github.com/cloudfoundry-community/go-cfclient",
    "github.com/logrusorgru/aurora",
    "github.com/urfave/cli"
  ]
  solver-name = "gps-cdcl"
  solver-version = 1
